
Microsoft Visual Studio Solution File, Format Version 12.00
# Visual Studio Version 16
VisualStudioVersion = 16.0.29806.167
MinimumVisualStudioVersion = 10.0.40219.1
Project("{FAE04EC0-301F-11D3-BF4B-00C04F79EFBC}") = "Webresources", "Webresources.csproj", "{EBE2BCDA-2587-4213-B888-53E51DC16C46}"
EndProject
Project("{2150E333-8FDC-42A3-9474-1A3956D46DE8}") = "Solution Items", "Solution Items", "{38F6B0EC-809B-4CD8-9C80-A755354320B1}"
	ProjectSection(SolutionItems) = preProject
		release.bat = release.bat
	EndProjectSection
EndProject
Global
	GlobalSection(SolutionConfigurationPlatforms) = preSolution
		Debug|Any CPU = Debug|Any CPU
		Release|Any CPU = Release|Any CPU
	EndGlobalSection
	GlobalSection(ProjectConfigurationPlatforms) = postSolution
		{EBE2BCDA-2587-4213-B888-53E51DC16C46}.Debug|Any CPU.ActiveCfg = Debug|Any CPU
		{EBE2BCDA-2587-4213-B888-53E51DC16C46}.Debug|Any CPU.Build.0 = Debug|Any CPU
		{EBE2BCDA-2587-4213-B888-53E51DC16C46}.Release|Any CPU.ActiveCfg = Release|Any CPU
		{EBE2BCDA-2587-4213-B888-53E51DC16C46}.Release|Any CPU.Build.0 = Release|Any CPU
	EndGlobalSection
	GlobalSection(SolutionProperties) = preSolution
		HideSolutionNode = FALSE
	EndGlobalSection
	GlobalSection(ExtensibilityGlobals) = postSolution
		SolutionGuid = {56064040-7847-4225-8C9B-BB310C34AAD0}
	EndGlobalSection
EndGlobal
